
Microsoft Visual Studio Solution File, Format Version 12.00
# Visual Studio Version 17
VisualStudioVersion = 17.13.35806.99 d17.13
MinimumVisualStudioVersion = 10.0.40219.1
Project("{FAE04EC0-301F-11D3-BF4B-00C04F79EFBC}") = "RogueLike", "RogueLike.csproj", "{171708A4-D422-419B-A0B5-05F1E182658D}"
EndProject
Global
	GlobalSection(SolutionConfigurationPlatforms) = preSolution
		Debug|Any CPU = Debug|Any CPU
		Release|Any CPU = Release|Any CPU
	EndGlobalSection
	GlobalSection(ProjectConfigurationPlatforms) = postSolution
		{171708A4-D422-419B-A0B5-05F1E182658D}.Debug|Any CPU.ActiveCfg = Debug|Any CPU
		{171708A4-D422-419B-A0B5-05F1E182658D}.Debug|Any CPU.Build.0 = Debug|Any CPU
		{171708A4-D422-419B-A0B5-05F1E182658D}.Release|Any CPU.ActiveCfg = Release|Any CPU
		{171708A4-D422-419B-A0B5-05F1E182658D}.Release|Any CPU.Build.0 = Release|Any CPU
	EndGlobalSection
	GlobalSection(SolutionProperties) = preSolution
		HideSolutionNode = FALSE
	EndGlobalSection
	GlobalSection(ExtensibilityGlobals) = postSolution
		SolutionGuid = {D4DB4B19-8F60-472A-8554-7EC31C3AF4EB}
	EndGlobalSection
EndGlobal
